// !$*UTF8*$!
{
	archiveVersion = 1;
	classes = {
	};
	objectVersion = 46;
	objects = {

/* Begin PBXBuildFile section */
		9A14D910B47C44448E907D3B /* Pods_LiveApp.framework in Frameworks */ = {isa = PBXBuildFile; fileRef = B76136B2B64448261ED1C039 /* Pods_LiveApp.framework */; };
		CE4F82BF1E26115A003F6855 /* AppDelegate.swift in Sources */ = {isa = PBXBuildFile; fileRef = CE4F82BE1E26115A003F6855 /* AppDelegate.swift */; };
		CE4F82C11E26115A003F6855 /* ViewController.swift in Sources */ = {isa = PBXBuildFile; fileRef = CE4F82C01E26115A003F6855 /* ViewController.swift */; };
		CE4F82C41E26115A003F6855 /* Main.storyboard in Resources */ = {isa = PBXBuildFile; fileRef = CE4F82C21E26115A003F6855 /* Main.storyboard */; };
		CE4F82C61E26115B003F6855 /* Assets.xcassets in Resources */ = {isa = PBXBuildFile; fileRef = CE4F82C51E26115B003F6855 /* Assets.xcassets */; };
		CE4F82C91E26115B003F6855 /* LaunchScreen.storyboard in Resources */ = {isa = PBXBuildFile; fileRef = CE4F82C71E26115B003F6855 /* LaunchScreen.storyboard */; };
		CE4F82D41E26115B003F6855 /* LiveAppTests.swift in Sources */ = {isa = PBXBuildFile; fileRef = CE4F82D31E26115B003F6855 /* LiveAppTests.swift */; };
		CE4F82DF1E26115B003F6855 /* LiveAppUITests.swift in Sources */ = {isa = PBXBuildFile; fileRef = CE4F82DE1E26115B003F6855 /* LiveAppUITests.swift */; };
		CEE0BE261E26327000AC9890 /* MBLiveViewController.swift in Sources */ = {isa = PBXBuildFile; fileRef = CEE0BE251E26327000AC9890 /* MBLiveViewController.swift */; };
		CEE0BE2C1E265D2D00AC9890 /* MBLiveCaptureTool.swift in Sources */ = {isa = PBXBuildFile; fileRef = CEE0BE2B1E265D2D00AC9890 /* MBLiveCaptureTool.swift */; };
		CEE0BE301E27652400AC9890 /* MBListViewController.swift in Sources */ = {isa = PBXBuildFile; fileRef = CEE0BE2F1E27652400AC9890 /* MBListViewController.swift */; };
		CEE0BE321E27694E00AC9890 /* MBListViewModel.swift in Sources */ = {isa = PBXBuildFile; fileRef = CEE0BE311E27694E00AC9890 /* MBListViewModel.swift */; };
		CEE0BE361E27705500AC9890 /* MBLivesModel.swift in Sources */ = {isa = PBXBuildFile; fileRef = CEE0BE351E27705500AC9890 /* MBLivesModel.swift */; };
		CEE0BE391E27836100AC9890 /* ListCell.xib in Resources */ = {isa = PBXBuildFile; fileRef = CEE0BE381E27836100AC9890 /* ListCell.xib */; };
		CEE0BE3B1E27859F00AC9890 /* MBLiveListCell.swift in Sources */ = {isa = PBXBuildFile; fileRef = CEE0BE3A1E27859F00AC9890 /* MBLiveListCell.swift */; };
		CEE7DD1B1E2616DA0007B4BA /* MBNetworkTool.swift in Sources */ = {isa = PBXBuildFile; fileRef = CEE7DD1A1E2616DA0007B4BA /* MBNetworkTool.swift */; };
		CEE7DD2A1E262EDB0007B4BA /* LiveList.storyboard in Resources */ = {isa = PBXBuildFile; fileRef = CEE7DD281E262EDB0007B4BA /* LiveList.storyboard */; };
		CEE7DD2C1E262EF30007B4BA /* LiveView.storyboard in Resources */ = {isa = PBXBuildFile; fileRef = CEE7DD2B1E262EF30007B4BA /* LiveView.storyboard */; };
/* End PBXBuildFile section */

/* Begin PBXContainerItemProxy section */
		CE4F82D01E26115B003F6855 /* PBXContainerItemProxy */ = {
			isa = PBXContainerItemProxy;
			containerPortal = CE4F82B31E261159003F6855 /* Project object */;
			proxyType = 1;
			remoteGlobalIDString = CE4F82BA1E261159003F6855;
			remoteInfo = LiveApp;
		};
		CE4F82DB1E26115B003F6855 /* PBXContainerItemProxy */ = {
			isa = PBXContainerItemProxy;
			containerPortal = CE4F82B31E261159003F6855 /* Project object */;
			proxyType = 1;
			remoteGlobalIDString = CE4F82BA1E261159003F6855;
			remoteInfo = LiveApp;
		};
/* End PBXContainerItemProxy section */

/* Begin PBXFileReference section */
		5E8670A4F5F01D467972D2E8 /* Pods_LiveAppUITests.framework */ = {isa = PBXFileReference; explicitFileType = wrapper.framework; includeInIndex = 0; path = Pods_LiveAppUITests.framework; sourceTree = BUILT_PRODUCTS_DIR; };
		9BD8408F1725A2A7EDC1FB48 /* Pods-LiveApp.release.xcconfig */ = {isa = PBXFileReference; includeInIndex = 1; lastKnownFileType = text.xcconfig; name = "Pods-LiveApp.release.xcconfig"; path = "Pods/Target Support Files/Pods-LiveApp/Pods-LiveApp.release.xcconfig"; sourceTree = "<group>"; };
		B76136B2B64448261ED1C039 /* Pods_LiveApp.framework */ = {isa = PBXFileReference; explicitFileType = wrapper.framework; includeInIndex = 0; path = Pods_LiveApp.framework; sourceTree = BUILT_PRODUCTS_DIR; };
		C0B7AE7D648BE3CA66718CAD /* Pods-LiveApp.debug.xcconfig */ = {isa = PBXFileReference; includeInIndex = 1; lastKnownFileType = text.xcconfig; name = "Pods-LiveApp.debug.xcconfig"; path = "Pods/Target Support Files/Pods-LiveApp/Pods-LiveApp.debug.xcconfig"; sourceTree = "<group>"; };
		CE4F82BB1E261159003F6855 /* LiveApp.app */ = {isa = PBXFileReference; explicitFileType = wrapper.application; includeInIndex = 0; path = LiveApp.app; sourceTree = BUILT_PRODUCTS_DIR; };
		CE4F82BE1E26115A003F6855 /* AppDelegate.swift */ = {isa = PBXFileReference; lastKnownFileType = sourcecode.swift; path = AppDelegate.swift; sourceTree = "<group>"; };
		CE4F82C01E26115A003F6855 /* ViewController.swift */ = {isa = PBXFileReference; lastKnownFileType = sourcecode.swift; path = ViewController.swift; sourceTree = "<group>"; };
		CE4F82C31E26115A003F6855 /* Base */ = {isa = PBXFileReference; lastKnownFileType = file.storyboard; name = Base; path = Base.lproj/Main.storyboard; sourceTree = "<group>"; };
		CE4F82C51E26115B003F6855 /* Assets.xcassets */ = {isa = PBXFileReference; lastKnownFileType = folder.assetcatalog; path = Assets.xcassets; sourceTree = "<group>"; };
		CE4F82C81E26115B003F6855 /* Base */ = {isa = PBXFileReference; lastKnownFileType = file.storyboard; name = Base; path = Base.lproj/LaunchScreen.storyboard; sourceTree = "<group>"; };
		CE4F82CA1E26115B003F6855 /* Info.plist */ = {isa = PBXFileReference; lastKnownFileType = text.plist.xml; path = Info.plist; sourceTree = "<group>"; };
		CE4F82CF1E26115B003F6855 /* LiveAppTests.xctest */ = {isa = PBXFileReference; explicitFileType = wrapper.cfbundle; includeInIndex = 0; path = LiveAppTests.xctest; sourceTree = BUILT_PRODUCTS_DIR; };
		CE4F82D31E26115B003F6855 /* LiveAppTests.swift */ = {isa = PBXFileReference; lastKnownFileType = sourcecode.swift; path = LiveAppTests.swift; sourceTree = "<group>"; };
		CE4F82D51E26115B003F6855 /* Info.plist */ = {isa = PBXFileReference; lastKnownFileType = text.plist.xml; path = Info.plist; sourceTree = "<group>"; };
		CE4F82DA1E26115B003F6855 /* LiveAppUITests.xctest */ = {isa = PBXFileReference; explicitFileType = wrapper.cfbundle; includeInIndex = 0; path = LiveAppUITests.xctest; sourceTree = BUILT_PRODUCTS_DIR; };
		CE4F82DE1E26115B003F6855 /* LiveAppUITests.swift */ = {isa = PBXFileReference; lastKnownFileType = sourcecode.swift; path = LiveAppUITests.swift; sourceTree = "<group>"; };
		CE4F82E01E26115B003F6855 /* Info.plist */ = {isa = PBXFileReference; lastKnownFileType = text.plist.xml; path = Info.plist; sourceTree = "<group>"; };
		CEE0BE251E26327000AC9890 /* MBLiveViewController.swift */ = {isa = PBXFileReference; fileEncoding = 4; lastKnownFileType = sourcecode.swift; path = MBLiveViewController.swift; sourceTree = "<group>"; };
		CEE0BE291E264EDB00AC9890 /* Objective-CBrigdingHeader.h */ = {isa = PBXFileReference; lastKnownFileType = sourcecode.c.h; path = "Objective-CBrigdingHeader.h"; sourceTree = "<group>"; };
		CEE0BE2B1E265D2D00AC9890 /* MBLiveCaptureTool.swift */ = {isa = PBXFileReference; fileEncoding = 4; lastKnownFileType = sourcecode.swift; path = MBLiveCaptureTool.swift; sourceTree = "<group>"; };
		CEE0BE2F1E27652400AC9890 /* MBListViewController.swift */ = {isa = PBXFileReference; fileEncoding = 4; lastKnownFileType = sourcecode.swift; path = MBListViewController.swift; sourceTree = "<group>"; };
		CEE0BE311E27694E00AC9890 /* MBListViewModel.swift */ = {isa = PBXFileReference; fileEncoding = 4; lastKnownFileType = sourcecode.swift; path = MBListViewModel.swift; sourceTree = "<group>"; };
		CEE0BE351E27705500AC9890 /* MBLivesModel.swift */ = {isa = PBXFileReference; fileEncoding = 4; lastKnownFileType = sourcecode.swift; path = MBLivesModel.swift; sourceTree = "<group>"; };
		CEE0BE381E27836100AC9890 /* ListCell.xib */ = {isa = PBXFileReference; fileEncoding = 4; lastKnownFileType = file.xib; path = ListCell.xib; sourceTree = "<group>"; };
		CEE0BE3A1E27859F00AC9890 /* MBLiveListCell.swift */ = {isa = PBXFileReference; fileEncoding = 4; lastKnownFileType = sourcecode.swift; path = MBLiveListCell.swift; sourceTree = "<group>"; };
		CEE7DD1A1E2616DA0007B4BA /* MBNetworkTool.swift */ = {isa = PBXFileReference; fileEncoding = 4; lastKnownFileType = sourcecode.swift; path = MBNetworkTool.swift; sourceTree = "<group>"; };
		CEE7DD291E262EDB0007B4BA /* Base */ = {isa = PBXFileReference; lastKnownFileType = file.storyboard; name = Base; path = Base.lproj/LiveList.storyboard; sourceTree = "<group>"; };
		CEE7DD2B1E262EF30007B4BA /* LiveView.storyboard */ = {isa = PBXFileReference; fileEncoding = 4; lastKnownFileType = file.storyboard; path = LiveView.storyboard; sourceTree = "<group>"; };
		D602AAB2E6A28625BD19BBAE /* Pods_LiveAppTests.framework */ = {isa = PBXFileReference; explicitFileType = wrapper.framework; includeInIndex = 0; path = Pods_LiveAppTests.framework; sourceTree = BUILT_PRODUCTS_DIR; };
/* End PBXFileReference section */

/* Begin PBXFrameworksBuildPhase section */
		CE4F82B81E261159003F6855 /* Frameworks */ = {
			isa = PBXFrameworksBuildPhase;
			buildActionMask = 2147483647;
			files = (
				9A14D910B47C44448E907D3B /* Pods_LiveApp.framework in Frameworks */,
			);
			runOnlyForDeploymentPostprocessing = 0;
		};
		CE4F82CC1E26115B003F6855 /* Frameworks */ = {
			isa = PBXFrameworksBuildPhase;
			buildActionMask = 2147483647;
			files = (
			);
			runOnlyForDeploymentPostprocessing = 0;
		};
		CE4F82D71E26115B003F6855 /* Frameworks */ = {
			isa = PBXFrameworksBuildPhase;
			buildActionMask = 2147483647;
			files = (
			);
			runOnlyForDeploymentPostprocessing = 0;
		};
/* End PBXFrameworksBuildPhase section */

/* Begin PBXGroup section */
		04B802E4AA74B277A209D7CB /* Frameworks */ = {
			isa = PBXGroup;
			children = (
				B76136B2B64448261ED1C039 /* Pods_LiveApp.framework */,
				D602AAB2E6A28625BD19BBAE /* Pods_LiveAppTests.framework */,
				5E8670A4F5F01D467972D2E8 /* Pods_LiveAppUITests.framework */,
			);
			name = Frameworks;
			sourceTree = "<group>";
		};
		B4107D5ECAEC4A69D16387D3 /* Pods */ = {
			isa = PBXGroup;
			children = (
				C0B7AE7D648BE3CA66718CAD /* Pods-LiveApp.debug.xcconfig */,
				9BD8408F1725A2A7EDC1FB48 /* Pods-LiveApp.release.xcconfig */,
			);
			name = Pods;
			sourceTree = "<group>";
		};
		CE4F82B21E261159003F6855 = {
			isa = PBXGroup;
			children = (
				CE4F82BD1E26115A003F6855 /* LiveApp */,
				CE4F82D21E26115B003F6855 /* LiveAppTests */,
				CE4F82DD1E26115B003F6855 /* LiveAppUITests */,
				CE4F82BC1E261159003F6855 /* Products */,
				B4107D5ECAEC4A69D16387D3 /* Pods */,
				04B802E4AA74B277A209D7CB /* Frameworks */,
			);
			sourceTree = "<group>";
		};
		CE4F82BC1E261159003F6855 /* Products */ = {
			isa = PBXGroup;
			children = (
				CE4F82BB1E261159003F6855 /* LiveApp.app */,
				CE4F82CF1E26115B003F6855 /* LiveAppTests.xctest */,
				CE4F82DA1E26115B003F6855 /* LiveAppUITests.xctest */,
			);
			name = Products;
			sourceTree = "<group>";
		};
		CE4F82BD1E26115A003F6855 /* LiveApp */ = {
			isa = PBXGroup;
			children = (
				CEE7DD181E2616A00007B4BA /* Tool */,
				CE4F82BE1E26115A003F6855 /* AppDelegate.swift */,
				CE4F82C01E26115A003F6855 /* ViewController.swift */,
				CE4F82C21E26115A003F6855 /* Main.storyboard */,
				CEE0BE2D1E27649300AC9890 /* List */,
				CEE0BE231E26323800AC9890 /* Live */,
				CE4F82C51E26115B003F6855 /* Assets.xcassets */,
				CE4F82C71E26115B003F6855 /* LaunchScreen.storyboard */,
				CE4F82CA1E26115B003F6855 /* Info.plist */,
				CEE0BE291E264EDB00AC9890 /* Objective-CBrigdingHeader.h */,
			);
			path = LiveApp;
			sourceTree = "<group>";
		};
		CE4F82D21E26115B003F6855 /* LiveAppTests */ = {
			isa = PBXGroup;
			children = (
				CE4F82D31E26115B003F6855 /* LiveAppTests.swift */,
				CE4F82D51E26115B003F6855 /* Info.plist */,
			);
			path = LiveAppTests;
			sourceTree = "<group>";
		};
		CE4F82DD1E26115B003F6855 /* LiveAppUITests */ = {
			isa = PBXGroup;
			children = (
				CE4F82DE1E26115B003F6855 /* LiveAppUITests.swift */,
				CE4F82E01E26115B003F6855 /* Info.plist */,
			);
			path = LiveAppUITests;
			sourceTree = "<group>";
		};
		CEE0BE231E26323800AC9890 /* Live */ = {
			isa = PBXGroup;
			children = (
				CEE0BE281E26377000AC9890 /* ViewModel */,
				CEE0BE241E26324B00AC9890 /* Controller */,
			);
			name = Live;
			sourceTree = "<group>";
		};
		CEE0BE241E26324B00AC9890 /* Controller */ = {
			isa = PBXGroup;
			children = (
				CEE7DD2B1E262EF30007B4BA /* LiveView.storyboard */,
				CEE0BE251E26327000AC9890 /* MBLiveViewController.swift */,
			);
			name = Controller;
			sourceTree = "<group>";
		};
		CEE0BE281E26377000AC9890 /* ViewModel */ = {
			isa = PBXGroup;
			children = (
			);
			name = ViewModel;
			sourceTree = "<group>";
		};
		CEE0BE2A1E265CDF00AC9890 /* LiveCapture */ = {
			isa = PBXGroup;
			children = (
				CEE0BE2B1E265D2D00AC9890 /* MBLiveCaptureTool.swift */,
			);
			name = LiveCapture;
			sourceTree = "<group>";
		};
		CEE0BE2D1E27649300AC9890 /* List */ = {
			isa = PBXGroup;
			children = (
				CEE0BE371E2782CF00AC9890 /* View */,
				CEE0BE341E27702A00AC9890 /* Model */,
				CEE0BE331E27695100AC9890 /* ViewModel */,
				CEE0BE2E1E27650E00AC9890 /* Controller */,
			);
			name = List;
			sourceTree = "<group>";
		};
		CEE0BE2E1E27650E00AC9890 /* Controller */ = {
			isa = PBXGroup;
			children = (
				CEE7DD281E262EDB0007B4BA /* LiveList.storyboard */,
				CEE0BE2F1E27652400AC9890 /* MBListViewController.swift */,
			);
			name = Controller;
			sourceTree = "<group>";
		};
		CEE0BE331E27695100AC9890 /* ViewModel */ = {
			isa = PBXGroup;
			children = (
				CEE0BE311E27694E00AC9890 /* MBListViewModel.swift */,
			);
			name = ViewModel;
			sourceTree = "<group>";
		};
		CEE0BE341E27702A00AC9890 /* Model */ = {
			isa = PBXGroup;
			children = (
				CEE0BE351E27705500AC9890 /* MBLivesModel.swift */,
			);
			name = Model;
			sourceTree = "<group>";
		};
		CEE0BE371E2782CF00AC9890 /* View */ = {
			isa = PBXGroup;
			children = (
				CEE0BE381E27836100AC9890 /* ListCell.xib */,
				CEE0BE3A1E27859F00AC9890 /* MBLiveListCell.swift */,
			);
			name = View;
			sourceTree = "<group>";
		};
		CEE7DD181E2616A00007B4BA /* Tool */ = {
			isa = PBXGroup;
			children = (
				CEE0BE2A1E265CDF00AC9890 /* LiveCapture */,
				CEE7DD191E2616AD0007B4BA /* Network */,
			);
			name = Tool;
			sourceTree = "<group>";
		};
		CEE7DD191E2616AD0007B4BA /* Network */ = {
			isa = PBXGroup;
			children = (
				CEE7DD1A1E2616DA0007B4BA /* MBNetworkTool.swift */,
			);
			name = Network;
			sourceTree = "<group>";
		};
/* End PBXGroup section */

/* Begin PBXNativeTarget section */
		CE4F82BA1E261159003F6855 /* LiveApp */ = {
			isa = PBXNativeTarget;
			buildConfigurationList = CE4F82E31E26115B003F6855 /* Build configuration list for PBXNativeTarget "LiveApp" */;
			buildPhases = (
				74AC6944D10F5A1EAF6859FD /* [CP] Check Pods Manifest.lock */,
				CE4F82B71E261159003F6855 /* Sources */,
				CE4F82B81E261159003F6855 /* Frameworks */,
				CE4F82B91E261159003F6855 /* Resources */,
				2E1CAB073881DA2933B98CFA /* [CP] Embed Pods Frameworks */,
				CCBFA69ECB018CEFAA46442B /* [CP] Copy Pods Resources */,
			);
			buildRules = (
			);
			dependencies = (
			);
			name = LiveApp;
			productName = LiveApp;
			productReference = CE4F82BB1E261159003F6855 /* LiveApp.app */;
			productType = "com.apple.product-type.application";
		};
		CE4F82CE1E26115B003F6855 /* LiveAppTests */ = {
			isa = PBXNativeTarget;
			buildConfigurationList = CE4F82E61E26115B003F6855 /* Build configuration list for PBXNativeTarget "LiveAppTests" */;
			buildPhases = (
				CE4F82CB1E26115B003F6855 /* Sources */,
				CE4F82CC1E26115B003F6855 /* Frameworks */,
				CE4F82CD1E26115B003F6855 /* Resources */,
			);
			buildRules = (
			);
			dependencies = (
				CE4F82D11E26115B003F6855 /* PBXTargetDependency */,
			);
			name = LiveAppTests;
			productName = LiveAppTests;
			productReference = CE4F82CF1E26115B003F6855 /* LiveAppTests.xctest */;
			productType = "com.apple.product-type.bundle.unit-test";
		};
		CE4F82D91E26115B003F6855 /* LiveAppUITests */ = {
			isa = PBXNativeTarget;
			buildConfigurationList = CE4F82E91E26115B003F6855 /* Build configuration list for PBXNativeTarget "LiveAppUITests" */;
			buildPhases = (
				CE4F82D61E26115B003F6855 /* Sources */,
				CE4F82D71E26115B003F6855 /* Frameworks */,
				CE4F82D81E26115B003F6855 /* Resources */,
			);
			buildRules = (
			);
			dependencies = (
				CE4F82DC1E26115B003F6855 /* PBXTargetDependency */,
			);
			name = LiveAppUITests;
			productName = LiveAppUITests;
			productReference = CE4F82DA1E26115B003F6855 /* LiveAppUITests.xctest */;
			productType = "com.apple.product-type.bundle.ui-testing";
		};
/* End PBXNativeTarget section */

/* Begin PBXProject section */
		CE4F82B31E261159003F6855 /* Project object */ = {
			isa = PBXProject;
			attributes = {
				CLASSPREFIX = MB;
				LastSwiftUpdateCheck = 0820;
				LastUpgradeCheck = 0820;
				ORGANIZATIONNAME = mobin;
				TargetAttributes = {
					CE4F82BA1E261159003F6855 = {
						CreatedOnToolsVersion = 8.2;
						DevelopmentTeam = 5L96Q6N9ZW;
						ProvisioningStyle = Automatic;
					};
					CE4F82CE1E26115B003F6855 = {
						CreatedOnToolsVersion = 8.2;
						DevelopmentTeam = 5L96Q6N9ZW;
						ProvisioningStyle = Automatic;
						TestTargetID = CE4F82BA1E261159003F6855;
					};
					CE4F82D91E26115B003F6855 = {
						CreatedOnToolsVersion = 8.2;
						DevelopmentTeam = 5L96Q6N9ZW;
						ProvisioningStyle = Automatic;
						TestTargetID = CE4F82BA1E261159003F6855;
					};
				};
			};
			buildConfigurationList = CE4F82B61E261159003F6855 /* Build configuration list for PBXProject "LiveApp" */;
			compatibilityVersion = "Xcode 3.2";
			developmentRegion = English;
			hasScannedForEncodings = 0;
			knownRegions = (
				en,
				Base,
			);
			mainGroup = CE4F82B21E261159003F6855;
			productRefGroup = CE4F82BC1E261159003F6855 /* Products */;
			projectDirPath = "";
			projectRoot = "";
			targets = (
				CE4F82BA1E261159003F6855 /* LiveApp */,
				CE4F82CE1E26115B003F6855 /* LiveAppTests */,
				CE4F82D91E26115B003F6855 /* LiveAppUITests */,
			);
		};
/* End PBXProject section */

/* Begin PBXResourcesBuildPhase section */
		CE4F82B91E261159003F6855 /* Resources */ = {
			isa = PBXResourcesBuildPhase;
			buildActionMask = 2147483647;
			files = (
				CE4F82C91E26115B003F6855 /* LaunchScreen.storyboard in Resources */,
				CEE0BE391E27836100AC9890 /* ListCell.xib in Resources */,
				CE4F82C61E26115B003F6855 /* Assets.xcassets in Resources */,
				CEE7DD2A1E262EDB0007B4BA /* LiveList.storyboard in Resources */,
				CE4F82C41E26115A003F6855 /* Main.storyboard in Resources */,
				CEE7DD2C1E262EF30007B4BA /* LiveView.storyboard in Resources */,
			);
			runOnlyForDeploymentPostprocessing = 0;
		};
		CE4F82CD1E26115B003F6855 /* Resources */ = {
			isa = PBXResourcesBuildPhase;
			buildActionMask = 2147483647;
			files = (
			);
			runOnlyForDeploymentPostprocessing = 0;
		};
		CE4F82D81E26115B003F6855 /* Resources */ = {
			isa = PBXResourcesBuildPhase;
			buildActionMask = 2147483647;
			files = (
			);
			runOnlyForDeploymentPostprocessing = 0;
		};
/* End PBXResourcesBuildPhase section */

/* Begin PBXShellScriptBuildPhase section */
		2E1CAB073881DA2933B98CFA /* [CP] Embed Pods Frameworks */ = {
			isa = PBXShellScriptBuildPhase;
			buildActionMask = 2147483647;
			files = (
			);
			inputPaths = (
			);
			name = "[CP] Embed Pods Frameworks";
			outputPaths = (
			);
			runOnlyForDeploymentPostprocessing = 0;
			shellPath = /bin/sh;
			shellScript = "\"${SRCROOT}/Pods/Target Support Files/Pods-LiveApp/Pods-LiveApp-frameworks.sh\"\n";
			showEnvVarsInLog = 0;
		};
		74AC6944D10F5A1EAF6859FD /* [CP] Check Pods Manifest.lock */ = {
			isa = PBXShellScriptBuildPhase;
			buildActionMask = 2147483647;
			files = (
			);
			inputPaths = (
			);
			name = "[CP] Check Pods Manifest.lock";
			outputPaths = (
			);
			runOnlyForDeploymentPostprocessing = 0;
			shellPath = /bin/sh;
			shellScript = "diff \"${PODS_ROOT}/../Podfile.lock\" \"${PODS_ROOT}/Manifest.lock\" > /dev/null\nif [ $? != 0 ] ; then\n    # print error to STDERR\n    echo \"error: The sandbox is not in sync with the Podfile.lock. Run 'pod install' or update your CocoaPods installation.\" >&2\n    exit 1\nfi\n";
			showEnvVarsInLog = 0;
		};
		CCBFA69ECB018CEFAA46442B /* [CP] Copy Pods Resources */ = {
			isa = PBXShellScriptBuildPhase;
			buildActionMask = 2147483647;
			files = (
			);
			inputPaths = (
			);
			name = "[CP] Copy Pods Resources";
			outputPaths = (
			);
			runOnlyForDeploymentPostprocessing = 0;
			shellPath = /bin/sh;
			shellScript = "\"${SRCROOT}/Pods/Target Support Files/Pods-LiveApp/Pods-LiveApp-resources.sh\"\n";
			showEnvVarsInLog = 0;
		};
/* End PBXShellScriptBuildPhase section */

/* Begin PBXSourcesBuildPhase section */
		CE4F82B71E261159003F6855 /* Sources */ = {
			isa = PBXSourcesBuildPhase;
			buildActionMask = 2147483647;
			files = (
				CEE0BE361E27705500AC9890 /* MBLivesModel.swift in Sources */,
				CE4F82C11E26115A003F6855 /* ViewController.swift in Sources */,
				CE4F82BF1E26115A003F6855 /* AppDelegate.swift in Sources */,
				CEE7DD1B1E2616DA0007B4BA /* MBNetworkTool.swift in Sources */,
				CEE0BE301E27652400AC9890 /* MBListViewController.swift in Sources */,
				CEE0BE3B1E27859F00AC9890 /* MBLiveListCell.swift in Sources */,
				CEE0BE2C1E265D2D00AC9890 /* MBLiveCaptureTool.swift in Sources */,
				CEE0BE321E27694E00AC9890 /* MBListViewModel.swift in Sources */,
				CEE0BE261E26327000AC9890 /* MBLiveViewController.swift in Sources */,
			);
			runOnlyForDeploymentPostprocessing = 0;
		};
		CE4F82CB1E26115B003F6855 /* Sources */ = {
			isa = PBXSourcesBuildPhase;
			buildActionMask = 2147483647;
			files = (
				CE4F82D41E26115B003F6855 /* LiveAppTests.swift in Sources */,
			);
			runOnlyForDeploymentPostprocessing = 0;
		};
		CE4F82D61E26115B003F6855 /* Sources */ = {
			isa = PBXSourcesBuildPhase;
			buildActionMask = 2147483647;
			files = (
				CE4F82DF1E26115B003F6855 /* LiveAppUITests.swift in Sources */,
			);
			runOnlyForDeploymentPostprocessing = 0;
		};
/* End PBXSourcesBuildPhase section */

/* Begin PBXTargetDependency section */
		CE4F82D11E26115B003F6855 /* PBXTargetDependency */ = {
			isa = PBXTargetDependency;
			target = CE4F82BA1E261159003F6855 /* LiveApp */;
			targetProxy = CE4F82D01E26115B003F6855 /* PBXContainerItemProxy */;
		};
		CE4F82DC1E26115B003F6855 /* PBXTargetDependency */ = {
			isa = PBXTargetDependency;
			target = CE4F82BA1E261159003F6855 /* LiveApp */;
			targetProxy = CE4F82DB1E26115B003F6855 /* PBXContainerItemProxy */;
		};
/* End PBXTargetDependency section */

/* Begin PBXVariantGroup section */
		CE4F82C21E26115A003F6855 /* Main.storyboard */ = {
			isa = PBXVariantGroup;
			children = (
				CE4F82C31E26115A003F6855 /* Base */,
			);
			name = Main.storyboard;
			sourceTree = "<group>";
		};
		CE4F82C71E26115B003F6855 /* LaunchScreen.storyboard */ = {
			isa = PBXVariantGroup;
			children = (
				CE4F82C81E26115B003F6855 /* Base */,
			);
			name = LaunchScreen.storyboard;
			sourceTree = "<group>";
		};
		CEE7DD281E262EDB0007B4BA /* LiveList.storyboard */ = {
			isa = PBXVariantGroup;
			children = (
				CEE7DD291E262EDB0007B4BA /* Base */,
			);
			name = LiveList.storyboard;
			sourceTree = "<group>";
		};
/* End PBXVariantGroup section */

/* Begin XCBuildConfiguration section */
		CE4F82E11E26115B003F6855 /* Debug */ = {
			isa = XCBuildConfiguration;
			buildSettings = {
				ALWAYS_SEARCH_USER_PATHS = NO;
				CLANG_ANALYZER_NONNULL = YES;
				CLANG_CXX_LANGUAGE_STANDARD = "gnu++0x";
				CLANG_CXX_LIBRARY = "libc++";
				CLANG_ENABLE_MODULES = YES;
				CLANG_ENABLE_OBJC_ARC = YES;
				CLANG_WARN_BOOL_CONVERSION = YES;
				CLANG_WARN_CONSTANT_CONVERSION = YES;
				CLANG_WARN_DIRECT_OBJC_ISA_USAGE = YES_ERROR;
				CLANG_WARN_DOCUMENTATION_COMMENTS = YES;
				CLANG_WARN_EMPTY_BODY = YES;
				CLANG_WARN_ENUM_CONVERSION = YES;
				CLANG_WARN_INFINITE_RECURSION = YES;
				CLANG_WARN_INT_CONVERSION = YES;
				CLANG_WARN_OBJC_ROOT_CLASS = YES_ERROR;
				CLANG_WARN_SUSPICIOUS_MOVE = YES;
				CLANG_WARN_UNREACHABLE_CODE = YES;
				CLANG_WARN__DUPLICATE_METHOD_MATCH = YES;
				"CODE_SIGN_IDENTITY[sdk=iphoneos*]" = "iPhone Developer";
				COPY_PHASE_STRIP = NO;
				DEBUG_INFORMATION_FORMAT = dwarf;
				ENABLE_STRICT_OBJC_MSGSEND = YES;
				ENABLE_TESTABILITY = YES;
				GCC_C_LANGUAGE_STANDARD = gnu99;
				GCC_DYNAMIC_NO_PIC = NO;
				GCC_NO_COMMON_BLOCKS = YES;
				GCC_OPTIMIZATION_LEVEL = 0;
				GCC_PREPROCESSOR_DEFINITIONS = (
					"DEBUG=1",
					"$(inherited)",
				);
				GCC_WARN_64_TO_32_BIT_CONVERSION = YES;
				GCC_WARN_ABOUT_RETURN_TYPE = YES_ERROR;
				GCC_WARN_UNDECLARED_SELECTOR = YES;
				GCC_WARN_UNINITIALIZED_AUTOS = YES_AGGRESSIVE;
				GCC_WARN_UNUSED_FUNCTION = YES;
				GCC_WARN_UNUSED_VARIABLE = YES;
				IPHONEOS_DEPLOYMENT_TARGET = 10.2;
				MTL_ENABLE_DEBUG_INFO = YES;
				ONLY_ACTIVE_ARCH = YES;
				SDKROOT = iphoneos;
				SWIFT_ACTIVE_COMPILATION_CONDITIONS = DEBUG;
				SWIFT_OPTIMIZATION_LEVEL = "-Onone";
			};
			name = Debug;
		};
		CE4F82E21E26115B003F6855 /* Release */ = {
			isa = XCBuildConfiguration;
			buildSettings = {
				ALWAYS_SEARCH_USER_PATHS = NO;
				CLANG_ANALYZER_NONNULL = YES;
				CLANG_CXX_LANGUAGE_STANDARD = "gnu++0x";
				CLANG_CXX_LIBRARY = "libc++";
				CLANG_ENABLE_MODULES = YES;
				CLANG_ENABLE_OBJC_ARC = YES;
				CLANG_WARN_BOOL_CONVERSION = YES;
				CLANG_WARN_CONSTANT_CONVERSION = YES;
				CLANG_WARN_DIRECT_OBJC_ISA_USAGE = YES_ERROR;
				CLANG_WARN_DOCUMENTATION_COMMENTS = YES;
				CLANG_WARN_EMPTY_BODY = YES;
				CLANG_WARN_ENUM_CONVERSION = YES;
				CLANG_WARN_INFINITE_RECURSION = YES;
				CLANG_WARN_INT_CONVERSION = YES;
				CLANG_WARN_OBJC_ROOT_CLASS = YES_ERROR;
				CLANG_WARN_SUSPICIOUS_MOVE = YES;
				CLANG_WARN_UNREACHABLE_CODE = YES;
				CLANG_WARN__DUPLICATE_METHOD_MATCH = YES;
				"CODE_SIGN_IDENTITY[sdk=iphoneos*]" = "iPhone Developer";
				COPY_PHASE_STRIP = NO;
				DEBUG_INFORMATION_FORMAT = "dwarf-with-dsym";
				ENABLE_NS_ASSERTIONS = NO;
				ENABLE_STRICT_OBJC_MSGSEND = YES;
				GCC_C_LANGUAGE_STANDARD = gnu99;
				GCC_NO_COMMON_BLOCKS = YES;
				GCC_WARN_64_TO_32_BIT_CONVERSION = YES;
				GCC_WARN_ABOUT_RETURN_TYPE = YES_ERROR;
				GCC_WARN_UNDECLARED_SELECTOR = YES;
				GCC_WARN_UNINITIALIZED_AUTOS = YES_AGGRESSIVE;
				GCC_WARN_UNUSED_FUNCTION = YES;
				GCC_WARN_UNUSED_VARIABLE = YES;
				IPHONEOS_DEPLOYMENT_TARGET = 10.2;
				MTL_ENABLE_DEBUG_INFO = NO;
				SDKROOT = iphoneos;
				SWIFT_OPTIMIZATION_LEVEL = "-Owholemodule";
				VALIDATE_PRODUCT = YES;
			};
			name = Release;
		};
		CE4F82E41E26115B003F6855 /* Debug */ = {
			isa = XCBuildConfiguration;
			baseConfigurationReference = C0B7AE7D648BE3CA66718CAD /* Pods-LiveApp.debug.xcconfig */;
			buildSettings = {
				ASSETCATALOG_COMPILER_APPICON_NAME = AppIcon;
				DEVELOPMENT_TEAM = 5L96Q6N9ZW;
				INFOPLIST_FILE = LiveApp/Info.plist;
				IPHONEOS_DEPLOYMENT_TARGET = 9.0;
				LD_RUNPATH_SEARCH_PATHS = "$(inherited) @executable_path/Frameworks";
				OTHER_SWIFT_FLAGS = "$(inherited) \"-D\" \"COCOAPODS\"";
				PRODUCT_BUNDLE_IDENTIFIER = binM.LiveApp;
				PRODUCT_NAME = "$(TARGET_NAME)";
				SWIFT_VERSION = 3.0;
			};
			name = Debug;
		};
		CE4F82E51E26115B003F6855 /* Release */ = {
			isa = XCBuildConfiguration;
			baseConfigurationReference = 9BD8408F1725A2A7EDC1FB48 /* Pods-LiveApp.release.xcconfig */;
			buildSettings = {
				ASSETCATALOG_COMPILER_APPICON_NAME = AppIcon;
				DEVELOPMENT_TEAM = 5L96Q6N9ZW;
				INFOPLIST_FILE = LiveApp/Info.plist;
				IPHONEOS_DEPLOYMENT_TARGET = 9.0;
				LD_RUNPATH_SEARCH_PATHS = "$(inherited) @executable_path/Frameworks";
				PRODUCT_BUNDLE_IDENTIFIER = binM.LiveApp;
				PRODUCT_NAME = "$(TARGET_NAME)";
				SWIFT_VERSION = 3.0;
			};
			name = Release;
		};
		CE4F82E71E26115B003F6855 /* Debug */ = {
			isa = XCBuildConfiguration;
			buildSettings = {
				ALWAYS_EMBED_SWIFT_STANDARD_LIBRARIES = YES;
				BUNDLE_LOADER = "$(TEST_HOST)";
				DEVELOPMENT_TEAM = 5L96Q6N9ZW;
				INFOPLIST_FILE = LiveAppTests/Info.plist;
				LD_RUNPATH_SEARCH_PATHS = "$(inherited) @executable_path/Frameworks @loader_path/Frameworks";
				PRODUCT_BUNDLE_IDENTIFIER = binM.LiveAppTests;
				PRODUCT_NAME = "$(TARGET_NAME)";
				SWIFT_VERSION = 3.0;
				TEST_HOST = "$(BUILT_PRODUCTS_DIR)/LiveApp.app/LiveApp";
			};
			name = Debug;
		};
		CE4F82E81E26115B003F6855 /* Release */ = {
			isa = XCBuildConfiguration;
			buildSettings = {
				ALWAYS_EMBED_SWIFT_STANDARD_LIBRARIES = YES;
				BUNDLE_LOADER = "$(TEST_HOST)";
				DEVELOPMENT_TEAM = 5L96Q6N9ZW;
				INFOPLIST_FILE = LiveAppTests/Info.plist;
				LD_RUNPATH_SEARCH_PATHS = "$(inherited) @executable_path/Frameworks @loader_path/Frameworks";
				PRODUCT_BUNDLE_IDENTIFIER = binM.LiveAppTests;
				PRODUCT_NAME = "$(TARGET_NAME)";
				SWIFT_VERSION = 3.0;
				TEST_HOST = "$(BUILT_PRODUCTS_DIR)/LiveApp.app/LiveApp";
			};
			name = Release;
		};
		CE4F82EA1E26115B003F6855 /* Debug */ = {
			isa = XCBuildConfiguration;
			buildSettings = {
				ALWAYS_EMBED_SWIFT_STANDARD_LIBRARIES = YES;
				DEVELOPMENT_TEAM = 5L96Q6N9ZW;
				INFOPLIST_FILE = LiveAppUITests/Info.plist;
				LD_RUNPATH_SEARCH_PATHS = "$(inherited) @executable_path/Frameworks @loader_path/Frameworks";
				PRODUCT_BUNDLE_IDENTIFIER = binM.LiveAppUITests;
				PRODUCT_NAME = "$(TARGET_NAME)";
				SWIFT_VERSION = 3.0;
				TEST_TARGET_NAME = LiveApp;
			};
			name = Debug;
		};
		CE4F82EB1E26115B003F6855 /* Release */ = {
			isa = XCBuildConfiguration;
			buildSettings = {
				ALWAYS_EMBED_SWIFT_STANDARD_LIBRARIES = YES;
				DEVELOPMENT_TEAM = 5L96Q6N9ZW;
				INFOPLIST_FILE = LiveAppUITests/Info.plist;
				LD_RUNPATH_SEARCH_PATHS = "$(inherited) @executable_path/Frameworks @loader_path/Frameworks";
				PRODUCT_BUNDLE_IDENTIFIER = binM.LiveAppUITests;
				PRODUCT_NAME = "$(TARGET_NAME)";
				SWIFT_VERSION = 3.0;
				TEST_TARGET_NAME = LiveApp;
			};
			name = Release;
		};
/* End XCBuildConfiguration section */

/* Begin XCConfigurationList section */
		CE4F82B61E261159003F6855 /* Build configuration list for PBXProject "LiveApp" */ = {
			isa = XCConfigurationList;
			buildConfigurations = (
				CE4F82E11E26115B003F6855 /* Debug */,
				CE4F82E21E26115B003F6855 /* Release */,
			);
			defaultConfigurationIsVisible = 0;
			defaultConfigurationName = Release;
		};
		CE4F82E31E26115B003F6855 /* Build configuration list for PBXNativeTarget "LiveApp" */ = {
			isa = XCConfigurationList;
			buildConfigurations = (
				CE4F82E41E26115B003F6855 /* Debug */,
				CE4F82E51E26115B003F6855 /* Release */,
			);
			defaultConfigurationIsVisible = 0;
			defaultConfigurationName = Release;
		};
		CE4F82E61E26115B003F6855 /* Build configuration list for PBXNativeTarget "LiveAppTests" */ = {
			isa = XCConfigurationList;
			buildConfigurations = (
				CE4F82E71E26115B003F6855 /* Debug */,
				CE4F82E81E26115B003F6855 /* Release */,
			);
			defaultConfigurationIsVisible = 0;
			defaultConfigurationName = Release;
		};
		CE4F82E91E26115B003F6855 /* Build configuration list for PBXNativeTarget "LiveAppUITests" */ = {
			isa = XCConfigurationList;
			buildConfigurations = (
				CE4F82EA1E26115B003F6855 /* Debug */,
				CE4F82EB1E26115B003F6855 /* Release */,
			);
			defaultConfigurationIsVisible = 0;
			defaultConfigurationName = Release;
		};
/* End XCConfigurationList section */
	};
	rootObject = CE4F82B31E261159003F6855 /* Project object */;
}
